
Microsoft Visual Studio Solution File, Format Version 12.00
# Visual Studio Version 17
VisualStudioVersion = 17.7.34024.191
MinimumVisualStudioVersion = 10.0.40219.1
Project("{9A19103F-16F7-4668-BE54-9A1E7A4F7556}") = "Assignment_Unit_Testing", "Assignment_Unit_Testing\Assignment_Unit_Testing.csproj", "{678905A3-FB3B-427B-A3E7-A6C2D7985B1F}"
EndProject
Project("{FAE04EC0-301F-11D3-BF4B-00C04F79EFBC}") = "AssignmentUnitTestingSection", "AssignmentUnitTestingSection\AssignmentUnitTestingSection.csproj", "{7A4BA886-5524-46E0-8598-6435ED27F68F}"
EndProject
Global
	GlobalSection(SolutionConfigurationPlatforms) = preSolution
		Debug|Any CPU = Debug|Any CPU
		Release|Any CPU = Release|Any CPU
	EndGlobalSection
	GlobalSection(ProjectConfigurationPlatforms) = postSolution
		{678905A3-FB3B-427B-A3E7-A6C2D7985B1F}.Debug|Any CPU.ActiveCfg = Debug|Any CPU
		{678905A3-FB3B-427B-A3E7-A6C2D7985B1F}.Debug|Any CPU.Build.0 = Debug|Any CPU
		{678905A3-FB3B-427B-A3E7-A6C2D7985B1F}.Release|Any CPU.ActiveCfg = Release|Any CPU
		{678905A3-FB3B-427B-A3E7-A6C2D7985B1F}.Release|Any CPU.Build.0 = Release|Any CPU
		{7A4BA886-5524-46E0-8598-6435ED27F68F}.Debug|Any CPU.ActiveCfg = Debug|Any CPU
		{7A4BA886-5524-46E0-8598-6435ED27F68F}.Debug|Any CPU.Build.0 = Debug|Any CPU
		{7A4BA886-5524-46E0-8598-6435ED27F68F}.Release|Any CPU.ActiveCfg = Release|Any CPU
		{7A4BA886-5524-46E0-8598-6435ED27F68F}.Release|Any CPU.Build.0 = Release|Any CPU
	EndGlobalSection
	GlobalSection(SolutionProperties) = preSolution
		HideSolutionNode = FALSE
	EndGlobalSection
	GlobalSection(ExtensibilityGlobals) = postSolution
		SolutionGuid = {3BE68443-1F99-4513-BFD8-9664DD11E930}
	EndGlobalSection
EndGlobal
